
Microsoft Visual Studio Solution File, Format Version 12.00
# Visual Studio 2015
Project("{FAE04EC0-301F-11D3-BF4B-00C04F79EFBC}") = "rse-z.Plugins", "rse-z.Plugins.csproj", "{9A7DD04A-C947-3168-40CD-F29D61BE2D71}"
EndProject
Project("{FAE04EC0-301F-11D3-BF4B-00C04F79EFBC}") = "rse-z", "rse-z.csproj", "{89F66573-4BD3-7808-8084-4A6B5BE8ADD7}"
EndProject
Project("{FAE04EC0-301F-11D3-BF4B-00C04F79EFBC}") = "rse-z.Editor.Plugins", "rse-z.Editor.Plugins.csproj", "{DA8C6D46-70BA-4285-8D16-6E39345D3AC2}"
EndProject
Global
	GlobalSection(SolutionConfigurationPlatforms) = preSolution
		Debug|Any CPU = Debug|Any CPU
		Release|Any CPU = Release|Any CPU
	EndGlobalSection
	GlobalSection(ProjectConfigurationPlatforms) = postSolution
		{9A7DD04A-C947-3168-40CD-F29D61BE2D71}.Debug|Any CPU.ActiveCfg = Debug|Any CPU
		{9A7DD04A-C947-3168-40CD-F29D61BE2D71}.Debug|Any CPU.Build.0 = Debug|Any CPU
		{9A7DD04A-C947-3168-40CD-F29D61BE2D71}.Release|Any CPU.ActiveCfg = Release|Any CPU
		{9A7DD04A-C947-3168-40CD-F29D61BE2D71}.Release|Any CPU.Build.0 = Release|Any CPU
		{89F66573-4BD3-7808-8084-4A6B5BE8ADD7}.Debug|Any CPU.ActiveCfg = Debug|Any CPU
		{89F66573-4BD3-7808-8084-4A6B5BE8ADD7}.Debug|Any CPU.Build.0 = Debug|Any CPU
		{89F66573-4BD3-7808-8084-4A6B5BE8ADD7}.Release|Any CPU.ActiveCfg = Release|Any CPU
		{89F66573-4BD3-7808-8084-4A6B5BE8ADD7}.Release|Any CPU.Build.0 = Release|Any CPU
		{DA8C6D46-70BA-4285-8D16-6E39345D3AC2}.Debug|Any CPU.ActiveCfg = Debug|Any CPU
		{DA8C6D46-70BA-4285-8D16-6E39345D3AC2}.Debug|Any CPU.Build.0 = Debug|Any CPU
		{DA8C6D46-70BA-4285-8D16-6E39345D3AC2}.Release|Any CPU.ActiveCfg = Release|Any CPU
		{DA8C6D46-70BA-4285-8D16-6E39345D3AC2}.Release|Any CPU.Build.0 = Release|Any CPU
	EndGlobalSection
	GlobalSection(SolutionProperties) = preSolution
		HideSolutionNode = FALSE
	EndGlobalSection
EndGlobal
